// !$*UTF8*$!
{
	archiveVersion = 1;
	classes = {
	};
	objectVersion = 51;
	objects = {

/* Begin PBXBuildFile section */
		3D5913C726DE7648004A7D52 /* WeatherForecastAppTests.swift in Sources */ = {isa = PBXBuildFile; fileRef = 3D5913C626DE7648004A7D52 /* WeatherForecastAppTests.swift */; };
		3D5913CF26DE766E004A7D52 /* SearchForcastViewModelTests.swift in Sources */ = {isa = PBXBuildFile; fileRef = 3D06FCF326DDF744006F7225 /* SearchForcastViewModelTests.swift */; };
		3D63F27B26DC146100BD10BD /* SearchForecast.framework in Frameworks */ = {isa = PBXBuildFile; fileRef = 3D63F27A26DC146100BD10BD /* SearchForecast.framework */; };
		3D63F27C26DC146100BD10BD /* SearchForecast.framework in Embed Frameworks */ = {isa = PBXBuildFile; fileRef = 3D63F27A26DC146100BD10BD /* SearchForecast.framework */; settings = {ATTRIBUTES = (CodeSignOnCopy, RemoveHeadersOnCopy, ); }; };
		3D925F0B26DE7390006F6E2B /* SearchForecastViewModel.swift in Sources */ = {isa = PBXBuildFile; fileRef = 3D925F0A26DE7390006F6E2B /* SearchForecastViewModel.swift */; };
		3DA3EB5B26DB99FE006BC9F7 /* AppDelegate.swift in Sources */ = {isa = PBXBuildFile; fileRef = 3DA3EB5A26DB99FE006BC9F7 /* AppDelegate.swift */; };
		3DA3EB5F26DB99FE006BC9F7 /* ViewController.swift in Sources */ = {isa = PBXBuildFile; fileRef = 3DA3EB5E26DB99FE006BC9F7 /* ViewController.swift */; };
		3DA3EB6226DB99FE006BC9F7 /* Main.storyboard in Resources */ = {isa = PBXBuildFile; fileRef = 3DA3EB6026DB99FE006BC9F7 /* Main.storyboard */; };
		3DA3EB6426DB9A00006BC9F7 /* Assets.xcassets in Resources */ = {isa = PBXBuildFile; fileRef = 3DA3EB6326DB9A00006BC9F7 /* Assets.xcassets */; };
		3DA3EB6726DB9A00006BC9F7 /* LaunchScreen.storyboard in Resources */ = {isa = PBXBuildFile; fileRef = 3DA3EB6526DB9A00006BC9F7 /* LaunchScreen.storyboard */; };
		3DF6183626DE85A800F6FC0A /* Reactive+ErrorTracker.swift in Sources */ = {isa = PBXBuildFile; fileRef = 3DF6183526DE85A800F6FC0A /* Reactive+ErrorTracker.swift */; };
		3DF6183826DE88C900F6FC0A /* SearchForecastUseCase+Observable.swift in Sources */ = {isa = PBXBuildFile; fileRef = 3DF6183726DE88C900F6FC0A /* SearchForecastUseCase+Observable.swift */; };
		573D153E3A8220865015EE4B /* Pods_WeatherForecastAppTests.framework in Frameworks */ = {isa = PBXBuildFile; fileRef = 84A43E0E1DE471A920EA48DA /* Pods_WeatherForecastAppTests.framework */; };
		C129069C9360E19228B8385E /* Pods_WeatherForecastApp.framework in Frameworks */ = {isa = PBXBuildFile; fileRef = ED84D299615B124F93AF4850 /* Pods_WeatherForecastApp.framework */; };
/* End PBXBuildFile section */

/* Begin PBXContainerItemProxy section */
		3D5913C926DE7648004A7D52 /* PBXContainerItemProxy */ = {
			isa = PBXContainerItemProxy;
			containerPortal = 3DA3EB4F26DB99FD006BC9F7 /* Project object */;
			proxyType = 1;
			remoteGlobalIDString = 3DA3EB5626DB99FE006BC9F7;
			remoteInfo = WeatherForecastApp;
		};
/* End PBXContainerItemProxy section */

/* Begin PBXCopyFilesBuildPhase section */
		3D63F27D26DC146100BD10BD /* Embed Frameworks */ = {
			isa = PBXCopyFilesBuildPhase;
			buildActionMask = 2147483647;
			dstPath = "";
			dstSubfolderSpec = 10;
			files = (
				3D63F27C26DC146100BD10BD /* SearchForecast.framework in Embed Frameworks */,
			);
			name = "Embed Frameworks";
			runOnlyForDeploymentPostprocessing = 0;
		};
/* End PBXCopyFilesBuildPhase section */

/* Begin PBXFileReference section */
		3D06FCF326DDF744006F7225 /* SearchForcastViewModelTests.swift */ = {isa = PBXFileReference; lastKnownFileType = sourcecode.swift; path = SearchForcastViewModelTests.swift; sourceTree = "<group>"; };
		3D5913C426DE7648004A7D52 /* WeatherForecastAppTests.xctest */ = {isa = PBXFileReference; explicitFileType = wrapper.cfbundle; includeInIndex = 0; path = WeatherForecastAppTests.xctest; sourceTree = BUILT_PRODUCTS_DIR; };
		3D5913C626DE7648004A7D52 /* WeatherForecastAppTests.swift */ = {isa = PBXFileReference; lastKnownFileType = sourcecode.swift; path = WeatherForecastAppTests.swift; sourceTree = "<group>"; };
		3D5913C826DE7648004A7D52 /* Info.plist */ = {isa = PBXFileReference; lastKnownFileType = text.plist.xml; path = Info.plist; sourceTree = "<group>"; };
		3D63F27A26DC146100BD10BD /* SearchForecast.framework */ = {isa = PBXFileReference; explicitFileType = wrapper.framework; path = SearchForecast.framework; sourceTree = BUILT_PRODUCTS_DIR; };
		3D925F0A26DE7390006F6E2B /* SearchForecastViewModel.swift */ = {isa = PBXFileReference; lastKnownFileType = sourcecode.swift; path = SearchForecastViewModel.swift; sourceTree = "<group>"; };
		3DA3EB5726DB99FE006BC9F7 /* WeatherForecastApp.app */ = {isa = PBXFileReference; explicitFileType = wrapper.application; includeInIndex = 0; path = WeatherForecastApp.app; sourceTree = BUILT_PRODUCTS_DIR; };
		3DA3EB5A26DB99FE006BC9F7 /* AppDelegate.swift */ = {isa = PBXFileReference; lastKnownFileType = sourcecode.swift; path = AppDelegate.swift; sourceTree = "<group>"; };
		3DA3EB5E26DB99FE006BC9F7 /* ViewController.swift */ = {isa = PBXFileReference; lastKnownFileType = sourcecode.swift; path = ViewController.swift; sourceTree = "<group>"; };
		3DA3EB6126DB99FE006BC9F7 /* Base */ = {isa = PBXFileReference; lastKnownFileType = file.storyboard; name = Base; path = Base.lproj/Main.storyboard; sourceTree = "<group>"; };
		3DA3EB6326DB9A00006BC9F7 /* Assets.xcassets */ = {isa = PBXFileReference; lastKnownFileType = folder.assetcatalog; path = Assets.xcassets; sourceTree = "<group>"; };
		3DA3EB6626DB9A00006BC9F7 /* Base */ = {isa = PBXFileReference; lastKnownFileType = file.storyboard; name = Base; path = Base.lproj/LaunchScreen.storyboard; sourceTree = "<group>"; };
		3DA3EB6826DB9A00006BC9F7 /* Info.plist */ = {isa = PBXFileReference; lastKnownFileType = text.plist.xml; path = Info.plist; sourceTree = "<group>"; };
		3DA3EB7326DB9A01006BC9F7 /* Info.plist */ = {isa = PBXFileReference; lastKnownFileType = text.plist.xml; path = Info.plist; sourceTree = "<group>"; };
		3DF6183526DE85A800F6FC0A /* Reactive+ErrorTracker.swift */ = {isa = PBXFileReference; lastKnownFileType = sourcecode.swift; path = "Reactive+ErrorTracker.swift"; sourceTree = "<group>"; };
		3DF6183726DE88C900F6FC0A /* SearchForecastUseCase+Observable.swift */ = {isa = PBXFileReference; lastKnownFileType = sourcecode.swift; path = "SearchForecastUseCase+Observable.swift"; sourceTree = "<group>"; };
		46CF9CE98D6B2774D55C3FC5 /* Pods-WeatherForecastAppTests.release.xcconfig */ = {isa = PBXFileReference; includeInIndex = 1; lastKnownFileType = text.xcconfig; name = "Pods-WeatherForecastAppTests.release.xcconfig"; path = "Target Support Files/Pods-WeatherForecastAppTests/Pods-WeatherForecastAppTests.release.xcconfig"; sourceTree = "<group>"; };
		73E00E972B44E7152E58AB2C /* Pods-WeatherForecastAppTests.debug.xcconfig */ = {isa = PBXFileReference; includeInIndex = 1; lastKnownFileType = text.xcconfig; name = "Pods-WeatherForecastAppTests.debug.xcconfig"; path = "Target Support Files/Pods-WeatherForecastAppTests/Pods-WeatherForecastAppTests.debug.xcconfig"; sourceTree = "<group>"; };
		84A43E0E1DE471A920EA48DA /* Pods_WeatherForecastAppTests.framework */ = {isa = PBXFileReference; explicitFileType = wrapper.framework; includeInIndex = 0; path = Pods_WeatherForecastAppTests.framework; sourceTree = BUILT_PRODUCTS_DIR; };
		861B163C0AA89831BF50A90F /* Pods-WeatherForecastApp.release.xcconfig */ = {isa = PBXFileReference; includeInIndex = 1; lastKnownFileType = text.xcconfig; name = "Pods-WeatherForecastApp.release.xcconfig"; path = "Target Support Files/Pods-WeatherForecastApp/Pods-WeatherForecastApp.release.xcconfig"; sourceTree = "<group>"; };
		ED84D299615B124F93AF4850 /* Pods_WeatherForecastApp.framework */ = {isa = PBXFileReference; explicitFileType = wrapper.framework; includeInIndex = 0; path = Pods_WeatherForecastApp.framework; sourceTree = BUILT_PRODUCTS_DIR; };
		EF3F019C15210C8484966C95 /* Pods-WeatherForecastApp.debug.xcconfig */ = {isa = PBXFileReference; includeInIndex = 1; lastKnownFileType = text.xcconfig; name = "Pods-WeatherForecastApp.debug.xcconfig"; path = "Target Support Files/Pods-WeatherForecastApp/Pods-WeatherForecastApp.debug.xcconfig"; sourceTree = "<group>"; };
/* End PBXFileReference section */

/* Begin PBXFrameworksBuildPhase section */
		3D5913C126DE7648004A7D52 /* Frameworks */ = {
			isa = PBXFrameworksBuildPhase;
			buildActionMask = 2147483647;
			files = (
				573D153E3A8220865015EE4B /* Pods_WeatherForecastAppTests.framework in Frameworks */,
			);
			runOnlyForDeploymentPostprocessing = 0;
		};
		3DA3EB5426DB99FE006BC9F7 /* Frameworks */ = {
			isa = PBXFrameworksBuildPhase;
			buildActionMask = 2147483647;
			files = (
				3D63F27B26DC146100BD10BD /* SearchForecast.framework in Frameworks */,
				C129069C9360E19228B8385E /* Pods_WeatherForecastApp.framework in Frameworks */,
			);
			runOnlyForDeploymentPostprocessing = 0;
		};
/* End PBXFrameworksBuildPhase section */

/* Begin PBXGroup section */
		104DE99BB897FE25666D94E6 /* Pods */ = {
			isa = PBXGroup;
			children = (
				EF3F019C15210C8484966C95 /* Pods-WeatherForecastApp.debug.xcconfig */,
				861B163C0AA89831BF50A90F /* Pods-WeatherForecastApp.release.xcconfig */,
				73E00E972B44E7152E58AB2C /* Pods-WeatherForecastAppTests.debug.xcconfig */,
				46CF9CE98D6B2774D55C3FC5 /* Pods-WeatherForecastAppTests.release.xcconfig */,
			);
			path = Pods;
			sourceTree = "<group>";
		};
		3D5913C526DE7648004A7D52 /* WeatherForecastAppTests */ = {
			isa = PBXGroup;
			children = (
				3D5913C626DE7648004A7D52 /* WeatherForecastAppTests.swift */,
				3D5913C826DE7648004A7D52 /* Info.plist */,
			);
			path = WeatherForecastAppTests;
			sourceTree = "<group>";
		};
		3DA3EB4E26DB99FD006BC9F7 = {
			isa = PBXGroup;
			children = (
				3DA3EB5926DB99FE006BC9F7 /* WeatherForecastApp */,
				3DA3EB7026DB9A01006BC9F7 /* WeatherForecastAppTests */,
				3D5913C526DE7648004A7D52 /* WeatherForecastAppTests */,
				3DA3EB5826DB99FE006BC9F7 /* Products */,
				104DE99BB897FE25666D94E6 /* Pods */,
				681A28377B30228CFBA498F0 /* Frameworks */,
			);
			sourceTree = "<group>";
		};
		3DA3EB5826DB99FE006BC9F7 /* Products */ = {
			isa = PBXGroup;
			children = (
				3DA3EB5726DB99FE006BC9F7 /* WeatherForecastApp.app */,
				3D5913C426DE7648004A7D52 /* WeatherForecastAppTests.xctest */,
			);
			name = Products;
			sourceTree = "<group>";
		};
		3DA3EB5926DB99FE006BC9F7 /* WeatherForecastApp */ = {
			isa = PBXGroup;
			children = (
				3DF6183A26DE89FF00F6FC0A /* Application */,
				3DF6183926DE89EF00F6FC0A /* Screens */,
				3DF6183C26DE8A5500F6FC0A /* Adapters */,
				3DF6183426DE859D00F6FC0A /* Helpers */,
				3DA3EB5E26DB99FE006BC9F7 /* ViewController.swift */,
				3DA3EB6026DB99FE006BC9F7 /* Main.storyboard */,
				3DA3EB6326DB9A00006BC9F7 /* Assets.xcassets */,
				3DA3EB6526DB9A00006BC9F7 /* LaunchScreen.storyboard */,
				3DA3EB6826DB9A00006BC9F7 /* Info.plist */,
			);
			path = WeatherForecastApp;
			sourceTree = "<group>";
		};
		3DA3EB7026DB9A01006BC9F7 /* WeatherForecastAppTests */ = {
			isa = PBXGroup;
			children = (
				3D06FCF326DDF744006F7225 /* SearchForcastViewModelTests.swift */,
				3DA3EB7326DB9A01006BC9F7 /* Info.plist */,
			);
			path = WeatherForecastAppTests;
			sourceTree = "<group>";
		};
		3DF6183426DE859D00F6FC0A /* Helpers */ = {
			isa = PBXGroup;
			children = (
				3DF6183526DE85A800F6FC0A /* Reactive+ErrorTracker.swift */,
			);
			path = Helpers;
			sourceTree = "<group>";
		};
		3DF6183926DE89EF00F6FC0A /* Screens */ = {
			isa = PBXGroup;
			children = (
				3DF6183B26DE8A0E00F6FC0A /* ForecastWeather */,
			);
			path = Screens;
			sourceTree = "<group>";
		};
		3DF6183A26DE89FF00F6FC0A /* Application */ = {
			isa = PBXGroup;
			children = (
				3DA3EB5A26DB99FE006BC9F7 /* AppDelegate.swift */,
			);
			path = Application;
			sourceTree = "<group>";
		};
		3DF6183B26DE8A0E00F6FC0A /* ForecastWeather */ = {
			isa = PBXGroup;
			children = (
				3D925F0A26DE7390006F6E2B /* SearchForecastViewModel.swift */,
			);
			path = ForecastWeather;
			sourceTree = "<group>";
		};
		3DF6183C26DE8A5500F6FC0A /* Adapters */ = {
			isa = PBXGroup;
			children = (
				3DF6183726DE88C900F6FC0A /* SearchForecastUseCase+Observable.swift */,
			);
			path = Adapters;
			sourceTree = "<group>";
		};
		681A28377B30228CFBA498F0 /* Frameworks */ = {
			isa = PBXGroup;
			children = (
				3D63F27A26DC146100BD10BD /* SearchForecast.framework */,
				ED84D299615B124F93AF4850 /* Pods_WeatherForecastApp.framework */,
				84A43E0E1DE471A920EA48DA /* Pods_WeatherForecastAppTests.framework */,
			);
			name = Frameworks;
			sourceTree = "<group>";
		};
/* End PBXGroup section */

/* Begin PBXNativeTarget section */
		3D5913C326DE7648004A7D52 /* WeatherForecastAppTests */ = {
			isa = PBXNativeTarget;
			buildConfigurationList = 3D5913CB26DE7648004A7D52 /* Build configuration list for PBXNativeTarget "WeatherForecastAppTests" */;
			buildPhases = (
				2584F865BD05C107AE0BD103 /* [CP] Check Pods Manifest.lock */,
				3D5913C026DE7648004A7D52 /* Sources */,
				3D5913C126DE7648004A7D52 /* Frameworks */,
				3D5913C226DE7648004A7D52 /* Resources */,
			);
			buildRules = (
			);
			dependencies = (
				3D5913CA26DE7648004A7D52 /* PBXTargetDependency */,
			);
			name = WeatherForecastAppTests;
			productName = WeatherForecastAppTests;
			productReference = 3D5913C426DE7648004A7D52 /* WeatherForecastAppTests.xctest */;
			productType = "com.apple.product-type.bundle.unit-test";
		};
		3DA3EB5626DB99FE006BC9F7 /* WeatherForecastApp */ = {
			isa = PBXNativeTarget;
			buildConfigurationList = 3DA3EB8126DB9A01006BC9F7 /* Build configuration list for PBXNativeTarget "WeatherForecastApp" */;
			buildPhases = (
				7800BC5BCAD69433B48B1E32 /* [CP] Check Pods Manifest.lock */,
				3DA3EB5326DB99FE006BC9F7 /* Sources */,
				3DA3EB5426DB99FE006BC9F7 /* Frameworks */,
				3DA3EB5526DB99FE006BC9F7 /* Resources */,
				3D63F27D26DC146100BD10BD /* Embed Frameworks */,
				E75E9FF9746A1756AF5218B1 /* [CP] Embed Pods Frameworks */,
			);
			buildRules = (
			);
			dependencies = (
			);
			name = WeatherForecastApp;
			productName = WeatherForecastApp;
			productReference = 3DA3EB5726DB99FE006BC9F7 /* WeatherForecastApp.app */;
			productType = "com.apple.product-type.application";
		};
/* End PBXNativeTarget section */

/* Begin PBXProject section */
		3DA3EB4F26DB99FD006BC9F7 /* Project object */ = {
			isa = PBXProject;
			attributes = {
				LastSwiftUpdateCheck = 1250;
				LastUpgradeCheck = 1250;
				TargetAttributes = {
					3D5913C326DE7648004A7D52 = {
						CreatedOnToolsVersion = 12.5.1;
						TestTargetID = 3DA3EB5626DB99FE006BC9F7;
					};
					3DA3EB5626DB99FE006BC9F7 = {
						CreatedOnToolsVersion = 12.5.1;
					};
				};
			};
			buildConfigurationList = 3DA3EB5226DB99FD006BC9F7 /* Build configuration list for PBXProject "WeatherForecastApp" */;
			compatibilityVersion = "Xcode 9.3";
			developmentRegion = en;
			hasScannedForEncodings = 0;
			knownRegions = (
				en,
				Base,
			);
			mainGroup = 3DA3EB4E26DB99FD006BC9F7;
			productRefGroup = 3DA3EB5826DB99FE006BC9F7 /* Products */;
			projectDirPath = "";
			projectRoot = "";
			targets = (
				3DA3EB5626DB99FE006BC9F7 /* WeatherForecastApp */,
				3D5913C326DE7648004A7D52 /* WeatherForecastAppTests */,
			);
		};
/* End PBXProject section */

/* Begin PBXResourcesBuildPhase section */
		3D5913C226DE7648004A7D52 /* Resources */ = {
			isa = PBXResourcesBuildPhase;
			buildActionMask = 2147483647;
			files = (
			);
			runOnlyForDeploymentPostprocessing = 0;
		};
		3DA3EB5526DB99FE006BC9F7 /* Resources */ = {
			isa = PBXResourcesBuildPhase;
			buildActionMask = 2147483647;
			files = (
				3DA3EB6726DB9A00006BC9F7 /* LaunchScreen.storyboard in Resources */,
				3DA3EB6426DB9A00006BC9F7 /* Assets.xcassets in Resources */,
				3DA3EB6226DB99FE006BC9F7 /* Main.storyboard in Resources */,
			);
			runOnlyForDeploymentPostprocessing = 0;
		};
/* End PBXResourcesBuildPhase section */

/* Begin PBXShellScriptBuildPhase section */
		2584F865BD05C107AE0BD103 /* [CP] Check Pods Manifest.lock */ = {
			isa = PBXShellScriptBuildPhase;
			buildActionMask = 2147483647;
			files = (
			);
			inputFileListPaths = (
			);
			inputPaths = (
				"${PODS_PODFILE_DIR_PATH}/Podfile.lock",
				"${PODS_ROOT}/Manifest.lock",
			);
			name = "[CP] Check Pods Manifest.lock";
			outputFileListPaths = (
			);
			outputPaths = (
				"$(DERIVED_FILE_DIR)/Pods-WeatherForecastAppTests-checkManifestLockResult.txt",
			);
			runOnlyForDeploymentPostprocessing = 0;
			shellPath = /bin/sh;
			shellScript = "diff \"${PODS_PODFILE_DIR_PATH}/Podfile.lock\" \"${PODS_ROOT}/Manifest.lock\" > /dev/null\nif [ $? != 0 ] ; then\n    # print error to STDERR\n    echo \"error: The sandbox is not in sync with the Podfile.lock. Run 'pod install' or update your CocoaPods installation.\" >&2\n    exit 1\nfi\n# This output is used by Xcode 'outputs' to avoid re-running this script phase.\necho \"SUCCESS\" > \"${SCRIPT_OUTPUT_FILE_0}\"\n";
			showEnvVarsInLog = 0;
		};
		7800BC5BCAD69433B48B1E32 /* [CP] Check Pods Manifest.lock */ = {
			isa = PBXShellScriptBuildPhase;
			buildActionMask = 2147483647;
			files = (
			);
			inputFileListPaths = (
			);
			inputPaths = (
				"${PODS_PODFILE_DIR_PATH}/Podfile.lock",
				"${PODS_ROOT}/Manifest.lock",
			);
			name = "[CP] Check Pods Manifest.lock";
			outputFileListPaths = (
			);
			outputPaths = (
				"$(DERIVED_FILE_DIR)/Pods-WeatherForecastApp-checkManifestLockResult.txt",
			);
			runOnlyForDeploymentPostprocessing = 0;
			shellPath = /bin/sh;
			shellScript = "diff \"${PODS_PODFILE_DIR_PATH}/Podfile.lock\" \"${PODS_ROOT}/Manifest.lock\" > /dev/null\nif [ $? != 0 ] ; then\n    # print error to STDERR\n    echo \"error: The sandbox is not in sync with the Podfile.lock. Run 'pod install' or update your CocoaPods installation.\" >&2\n    exit 1\nfi\n# This output is used by Xcode 'outputs' to avoid re-running this script phase.\necho \"SUCCESS\" > \"${SCRIPT_OUTPUT_FILE_0}\"\n";
			showEnvVarsInLog = 0;
		};
		E75E9FF9746A1756AF5218B1 /* [CP] Embed Pods Frameworks */ = {
			isa = PBXShellScriptBuildPhase;
			buildActionMask = 2147483647;
			files = (
			);
			inputFileListPaths = (
				"${PODS_ROOT}/Target Support Files/Pods-WeatherForecastApp/Pods-WeatherForecastApp-frameworks-${CONFIGURATION}-input-files.xcfilelist",
			);
			name = "[CP] Embed Pods Frameworks";
			outputFileListPaths = (
				"${PODS_ROOT}/Target Support Files/Pods-WeatherForecastApp/Pods-WeatherForecastApp-frameworks-${CONFIGURATION}-output-files.xcfilelist",
			);
			runOnlyForDeploymentPostprocessing = 0;
			shellPath = /bin/sh;
			shellScript = "\"${PODS_ROOT}/Target Support Files/Pods-WeatherForecastApp/Pods-WeatherForecastApp-frameworks.sh\"\n";
			showEnvVarsInLog = 0;
		};
/* End PBXShellScriptBuildPhase section */

/* Begin PBXSourcesBuildPhase section */
		3D5913C026DE7648004A7D52 /* Sources */ = {
			isa = PBXSourcesBuildPhase;
			buildActionMask = 2147483647;
			files = (
				3D5913C726DE7648004A7D52 /* WeatherForecastAppTests.swift in Sources */,
				3D5913CF26DE766E004A7D52 /* SearchForcastViewModelTests.swift in Sources */,
			);
			runOnlyForDeploymentPostprocessing = 0;
		};
		3DA3EB5326DB99FE006BC9F7 /* Sources */ = {
			isa = PBXSourcesBuildPhase;
			buildActionMask = 2147483647;
			files = (
				3D925F0B26DE7390006F6E2B /* SearchForecastViewModel.swift in Sources */,
				3DF6183626DE85A800F6FC0A /* Reactive+ErrorTracker.swift in Sources */,
				3DF6183826DE88C900F6FC0A /* SearchForecastUseCase+Observable.swift in Sources */,
				3DA3EB5F26DB99FE006BC9F7 /* ViewController.swift in Sources */,
				3DA3EB5B26DB99FE006BC9F7 /* AppDelegate.swift in Sources */,
			);
			runOnlyForDeploymentPostprocessing = 0;
		};
/* End PBXSourcesBuildPhase section */

/* Begin PBXTargetDependency section */
		3D5913CA26DE7648004A7D52 /* PBXTargetDependency */ = {
			isa = PBXTargetDependency;
			target = 3DA3EB5626DB99FE006BC9F7 /* WeatherForecastApp */;
			targetProxy = 3D5913C926DE7648004A7D52 /* PBXContainerItemProxy */;
		};
/* End PBXTargetDependency section */

/* Begin PBXVariantGroup section */
		3DA3EB6026DB99FE006BC9F7 /* Main.storyboard */ = {
			isa = PBXVariantGroup;
			children = (
				3DA3EB6126DB99FE006BC9F7 /* Base */,
			);
			name = Main.storyboard;
			sourceTree = "<group>";
		};
		3DA3EB6526DB9A00006BC9F7 /* LaunchScreen.storyboard */ = {
			isa = PBXVariantGroup;
			children = (
				3DA3EB6626DB9A00006BC9F7 /* Base */,
			);
			name = LaunchScreen.storyboard;
			sourceTree = "<group>";
		};
/* End PBXVariantGroup section */

/* Begin XCBuildConfiguration section */
		3D5913CC26DE7648004A7D52 /* Debug */ = {
			isa = XCBuildConfiguration;
			baseConfigurationReference = 73E00E972B44E7152E58AB2C /* Pods-WeatherForecastAppTests.debug.xcconfig */;
			buildSettings = {
				BUNDLE_LOADER = "$(TEST_HOST)";
				CODE_SIGN_STYLE = Automatic;
				INFOPLIST_FILE = WeatherForecastAppTests/Info.plist;
				IPHONEOS_DEPLOYMENT_TARGET = 14.5;
				LD_RUNPATH_SEARCH_PATHS = (
					"$(inherited)",
					"@executable_path/Frameworks",
					"@loader_path/Frameworks",
				);
				PRODUCT_BUNDLE_IDENTIFIER = ios.chotot..WeatherForecastAppTests;
				PRODUCT_NAME = "$(TARGET_NAME)";
				SWIFT_VERSION = 5.0;
				TARGETED_DEVICE_FAMILY = "1,2";
				TEST_HOST = "$(BUILT_PRODUCTS_DIR)/WeatherForecastApp.app/WeatherForecastApp";
			};
			name = Debug;
		};
		3D5913CD26DE7648004A7D52 /* Release */ = {
			isa = XCBuildConfiguration;
			baseConfigurationReference = 46CF9CE98D6B2774D55C3FC5 /* Pods-WeatherForecastAppTests.release.xcconfig */;
			buildSettings = {
				BUNDLE_LOADER = "$(TEST_HOST)";
				CODE_SIGN_STYLE = Automatic;
				INFOPLIST_FILE = WeatherForecastAppTests/Info.plist;
				IPHONEOS_DEPLOYMENT_TARGET = 14.5;
				LD_RUNPATH_SEARCH_PATHS = (
					"$(inherited)",
					"@executable_path/Frameworks",
					"@loader_path/Frameworks",
				);
				PRODUCT_BUNDLE_IDENTIFIER = ios.chotot..WeatherForecastAppTests;
				PRODUCT_NAME = "$(TARGET_NAME)";
				SWIFT_VERSION = 5.0;
				TARGETED_DEVICE_FAMILY = "1,2";
				TEST_HOST = "$(BUILT_PRODUCTS_DIR)/WeatherForecastApp.app/WeatherForecastApp";
			};
			name = Release;
		};
		3DA3EB7F26DB9A01006BC9F7 /* Debug */ = {
			isa = XCBuildConfiguration;
			buildSettings = {
				ALWAYS_SEARCH_USER_PATHS = NO;
				CLANG_ANALYZER_NONNULL = YES;
				CLANG_ANALYZER_NUMBER_OBJECT_CONVERSION = YES_AGGRESSIVE;
				CLANG_CXX_LANGUAGE_STANDARD = "gnu++14";
				CLANG_CXX_LIBRARY = "libc++";
				CLANG_ENABLE_MODULES = YES;
				CLANG_ENABLE_OBJC_ARC = YES;
				CLANG_ENABLE_OBJC_WEAK = YES;
				CLANG_WARN_BLOCK_CAPTURE_AUTORELEASING = YES;
				CLANG_WARN_BOOL_CONVERSION = YES;
				CLANG_WARN_COMMA = YES;
				CLANG_WARN_CONSTANT_CONVERSION = YES;
				CLANG_WARN_DEPRECATED_OBJC_IMPLEMENTATIONS = YES;
				CLANG_WARN_DIRECT_OBJC_ISA_USAGE = YES_ERROR;
				CLANG_WARN_DOCUMENTATION_COMMENTS = YES;
				CLANG_WARN_EMPTY_BODY = YES;
				CLANG_WARN_ENUM_CONVERSION = YES;
				CLANG_WARN_INFINITE_RECURSION = YES;
				CLANG_WARN_INT_CONVERSION = YES;
				CLANG_WARN_NON_LITERAL_NULL_CONVERSION = YES;
				CLANG_WARN_OBJC_IMPLICIT_RETAIN_SELF = YES;
				CLANG_WARN_OBJC_LITERAL_CONVERSION = YES;
				CLANG_WARN_OBJC_ROOT_CLASS = YES_ERROR;
				CLANG_WARN_QUOTED_INCLUDE_IN_FRAMEWORK_HEADER = YES;
				CLANG_WARN_RANGE_LOOP_ANALYSIS = YES;
				CLANG_WARN_STRICT_PROTOTYPES = YES;
				CLANG_WARN_SUSPICIOUS_MOVE = YES;
				CLANG_WARN_UNGUARDED_AVAILABILITY = YES_AGGRESSIVE;
				CLANG_WARN_UNREACHABLE_CODE = YES;
				CLANG_WARN__DUPLICATE_METHOD_MATCH = YES;
				COPY_PHASE_STRIP = NO;
				DEBUG_INFORMATION_FORMAT = dwarf;
				ENABLE_STRICT_OBJC_MSGSEND = YES;
				ENABLE_TESTABILITY = YES;
				GCC_C_LANGUAGE_STANDARD = gnu11;
				GCC_DYNAMIC_NO_PIC = NO;
				GCC_NO_COMMON_BLOCKS = YES;
				GCC_OPTIMIZATION_LEVEL = 0;
				GCC_PREPROCESSOR_DEFINITIONS = (
					"DEBUG=1",
					"$(inherited)",
				);
				GCC_WARN_64_TO_32_BIT_CONVERSION = YES;
				GCC_WARN_ABOUT_RETURN_TYPE = YES_ERROR;
				GCC_WARN_UNDECLARED_SELECTOR = YES;
				GCC_WARN_UNINITIALIZED_AUTOS = YES_AGGRESSIVE;
				GCC_WARN_UNUSED_FUNCTION = YES;
				GCC_WARN_UNUSED_VARIABLE = YES;
				IPHONEOS_DEPLOYMENT_TARGET = 14.4;
				MTL_ENABLE_DEBUG_INFO = INCLUDE_SOURCE;
				MTL_FAST_MATH = YES;
				ONLY_ACTIVE_ARCH = YES;
				SDKROOT = iphoneos;
				SWIFT_ACTIVE_COMPILATION_CONDITIONS = DEBUG;
				SWIFT_OPTIMIZATION_LEVEL = "-Onone";
			};
			name = Debug;
		};
		3DA3EB8026DB9A01006BC9F7 /* Release */ = {
			isa = XCBuildConfiguration;
			buildSettings = {
				ALWAYS_SEARCH_USER_PATHS = NO;
				CLANG_ANALYZER_NONNULL = YES;
				CLANG_ANALYZER_NUMBER_OBJECT_CONVERSION = YES_AGGRESSIVE;
				CLANG_CXX_LANGUAGE_STANDARD = "gnu++14";
				CLANG_CXX_LIBRARY = "libc++";
				CLANG_ENABLE_MODULES = YES;
				CLANG_ENABLE_OBJC_ARC = YES;
				CLANG_ENABLE_OBJC_WEAK = YES;
				CLANG_WARN_BLOCK_CAPTURE_AUTORELEASING = YES;
				CLANG_WARN_BOOL_CONVERSION = YES;
				CLANG_WARN_COMMA = YES;
				CLANG_WARN_CONSTANT_CONVERSION = YES;
				CLANG_WARN_DEPRECATED_OBJC_IMPLEMENTATIONS = YES;
				CLANG_WARN_DIRECT_OBJC_ISA_USAGE = YES_ERROR;
				CLANG_WARN_DOCUMENTATION_COMMENTS = YES;
				CLANG_WARN_EMPTY_BODY = YES;
				CLANG_WARN_ENUM_CONVERSION = YES;
				CLANG_WARN_INFINITE_RECURSION = YES;
				CLANG_WARN_INT_CONVERSION = YES;
				CLANG_WARN_NON_LITERAL_NULL_CONVERSION = YES;
				CLANG_WARN_OBJC_IMPLICIT_RETAIN_SELF = YES;
				CLANG_WARN_OBJC_LITERAL_CONVERSION = YES;
				CLANG_WARN_OBJC_ROOT_CLASS = YES_ERROR;
				CLANG_WARN_QUOTED_INCLUDE_IN_FRAMEWORK_HEADER = YES;
				CLANG_WARN_RANGE_LOOP_ANALYSIS = YES;
				CLANG_WARN_STRICT_PROTOTYPES = YES;
				CLANG_WARN_SUSPICIOUS_MOVE = YES;
				CLANG_WARN_UNGUARDED_AVAILABILITY = YES_AGGRESSIVE;
				CLANG_WARN_UNREACHABLE_CODE = YES;
				CLANG_WARN__DUPLICATE_METHOD_MATCH = YES;
				COPY_PHASE_STRIP = NO;
				DEBUG_INFORMATION_FORMAT = "dwarf-with-dsym";
				ENABLE_NS_ASSERTIONS = NO;
				ENABLE_STRICT_OBJC_MSGSEND = YES;
				GCC_C_LANGUAGE_STANDARD = gnu11;
				GCC_NO_COMMON_BLOCKS = YES;
				GCC_WARN_64_TO_32_BIT_CONVERSION = YES;
				GCC_WARN_ABOUT_RETURN_TYPE = YES_ERROR;
				GCC_WARN_UNDECLARED_SELECTOR = YES;
				GCC_WARN_UNINITIALIZED_AUTOS = YES_AGGRESSIVE;
				GCC_WARN_UNUSED_FUNCTION = YES;
				GCC_WARN_UNUSED_VARIABLE = YES;
				IPHONEOS_DEPLOYMENT_TARGET = 14.4;
				MTL_ENABLE_DEBUG_INFO = NO;
				MTL_FAST_MATH = YES;
				SDKROOT = iphoneos;
				SWIFT_COMPILATION_MODE = wholemodule;
				SWIFT_OPTIMIZATION_LEVEL = "-O";
				VALIDATE_PRODUCT = YES;
			};
			name = Release;
		};
		3DA3EB8226DB9A01006BC9F7 /* Debug */ = {
			isa = XCBuildConfiguration;
			baseConfigurationReference = EF3F019C15210C8484966C95 /* Pods-WeatherForecastApp.debug.xcconfig */;
			buildSettings = {
				ASSETCATALOG_COMPILER_APPICON_NAME = AppIcon;
				ASSETCATALOG_COMPILER_GLOBAL_ACCENT_COLOR_NAME = AccentColor;
				CODE_SIGN_STYLE = Automatic;
				DEVELOPMENT_TEAM = 2KDG58HF72;
				INFOPLIST_FILE = WeatherForecastApp/Info.plist;
				LD_RUNPATH_SEARCH_PATHS = (
					"$(inherited)",
					"@executable_path/Frameworks",
				);
				PRODUCT_BUNDLE_IDENTIFIER = ios.chotot..WeatherForecastApp;
				PRODUCT_NAME = "$(TARGET_NAME)";
				SWIFT_VERSION = 5.0;
				TARGETED_DEVICE_FAMILY = "1,2";
			};
			name = Debug;
		};
		3DA3EB8326DB9A01006BC9F7 /* Release */ = {
			isa = XCBuildConfiguration;
			baseConfigurationReference = 861B163C0AA89831BF50A90F /* Pods-WeatherForecastApp.release.xcconfig */;
			buildSettings = {
				ASSETCATALOG_COMPILER_APPICON_NAME = AppIcon;
				ASSETCATALOG_COMPILER_GLOBAL_ACCENT_COLOR_NAME = AccentColor;
				CODE_SIGN_STYLE = Automatic;
				DEVELOPMENT_TEAM = 2KDG58HF72;
				INFOPLIST_FILE = WeatherForecastApp/Info.plist;
				LD_RUNPATH_SEARCH_PATHS = (
					"$(inherited)",
					"@executable_path/Frameworks",
				);
				PRODUCT_BUNDLE_IDENTIFIER = ios.chotot..WeatherForecastApp;
				PRODUCT_NAME = "$(TARGET_NAME)";
				SWIFT_VERSION = 5.0;
				TARGETED_DEVICE_FAMILY = "1,2";
			};
			name = Release;
		};
/* End XCBuildConfiguration section */

/* Begin XCConfigurationList section */
		3D5913CB26DE7648004A7D52 /* Build configuration list for PBXNativeTarget "WeatherForecastAppTests" */ = {
			isa = XCConfigurationList;
			buildConfigurations = (
				3D5913CC26DE7648004A7D52 /* Debug */,
				3D5913CD26DE7648004A7D52 /* Release */,
			);
			defaultConfigurationIsVisible = 0;
			defaultConfigurationName = Release;
		};
		3DA3EB5226DB99FD006BC9F7 /* Build configuration list for PBXProject "WeatherForecastApp" */ = {
			isa = XCConfigurationList;
			buildConfigurations = (
				3DA3EB7F26DB9A01006BC9F7 /* Debug */,
				3DA3EB8026DB9A01006BC9F7 /* Release */,
			);
			defaultConfigurationIsVisible = 0;
			defaultConfigurationName = Release;
		};
		3DA3EB8126DB9A01006BC9F7 /* Build configuration list for PBXNativeTarget "WeatherForecastApp" */ = {
			isa = XCConfigurationList;
			buildConfigurations = (
				3DA3EB8226DB9A01006BC9F7 /* Debug */,
				3DA3EB8326DB9A01006BC9F7 /* Release */,
			);
			defaultConfigurationIsVisible = 0;
			defaultConfigurationName = Release;
		};
/* End XCConfigurationList section */
	};
	rootObject = 3DA3EB4F26DB99FD006BC9F7 /* Project object */;
}
