// !$*UTF8*$!
{
	archiveVersion = 1;
	classes = {
	};
	objectVersion = 50;
	objects = {

/* Begin PBXBuildFile section */
		3D63F24226DB9A7700BD10BD /* SearchForecast.framework in Frameworks */ = {isa = PBXBuildFile; fileRef = 3D63F23826DB9A7700BD10BD /* SearchForecast.framework */; };
		3D63F24926DB9A7700BD10BD /* SearchForecast.h in Headers */ = {isa = PBXBuildFile; fileRef = 3D63F23B26DB9A7700BD10BD /* SearchForecast.h */; settings = {ATTRIBUTES = (Public, ); }; };
		3D63F25326DBB59B00BD10BD /* WeatherForecastItem.swift in Sources */ = {isa = PBXBuildFile; fileRef = 3D63F25226DBB59B00BD10BD /* WeatherForecastItem.swift */; };
		3D63F25A26DBB79100BD10BD /* RemoteSearchForecastRepositoryTests.swift in Sources */ = {isa = PBXBuildFile; fileRef = 3D63F25926DBB79100BD10BD /* RemoteSearchForecastRepositoryTests.swift */; };
		3D63F25C26DBD90A00BD10BD /* APIClient.swift in Sources */ = {isa = PBXBuildFile; fileRef = 3D63F25B26DBD90A00BD10BD /* APIClient.swift */; };
		3D63F25E26DBD93C00BD10BD /* RemoteSearchForecastRepository.swift in Sources */ = {isa = PBXBuildFile; fileRef = 3D63F25D26DBD93C00BD10BD /* RemoteSearchForecastRepository.swift */; };
		3D63F26026DBD96900BD10BD /* WeatherForecastItemMapper.swift in Sources */ = {isa = PBXBuildFile; fileRef = 3D63F25F26DBD96900BD10BD /* WeatherForecastItemMapper.swift */; };
		3D63F26226DBD97C00BD10BD /* RemoteWeatherForecastItem.swift in Sources */ = {isa = PBXBuildFile; fileRef = 3D63F26126DBD97C00BD10BD /* RemoteWeatherForecastItem.swift */; };
		3D63F26826DBE65C00BD10BD /* SearchForecastRepository.swift in Sources */ = {isa = PBXBuildFile; fileRef = 3D63F26726DBE65C00BD10BD /* SearchForecastRepository.swift */; };
		3D63F26B26DBEA8900BD10BD /* LocalSearchForecastRepositoryTests.swift in Sources */ = {isa = PBXBuildFile; fileRef = 3D63F26A26DBEA8900BD10BD /* LocalSearchForecastRepositoryTests.swift */; };
		3D63F26D26DBFAD600BD10BD /* WeatherForecastItem+Stub.swift in Sources */ = {isa = PBXBuildFile; fileRef = 3D63F26C26DBFAD600BD10BD /* WeatherForecastItem+Stub.swift */; };
		3D63F26F26DC04C600BD10BD /* Helper+Stubs.swift in Sources */ = {isa = PBXBuildFile; fileRef = 3D63F26E26DC04C600BD10BD /* Helper+Stubs.swift */; };
		3D63F27326DC0E1800BD10BD /* LocalWeatherForecastItem.swift in Sources */ = {isa = PBXBuildFile; fileRef = 3D63F27226DC0E1800BD10BD /* LocalWeatherForecastItem.swift */; };
		3D63F27526DC0E3600BD10BD /* ForecastStore.swift in Sources */ = {isa = PBXBuildFile; fileRef = 3D63F27426DC0E3600BD10BD /* ForecastStore.swift */; };
		3D63F27726DC0E5900BD10BD /* LocalSearchForecastRepository.swift in Sources */ = {isa = PBXBuildFile; fileRef = 3D63F27626DC0E5900BD10BD /* LocalSearchForecastRepository.swift */; };
		3D63F27926DC0F5C00BD10BD /* SearchForecastEndpoint.swift in Sources */ = {isa = PBXBuildFile; fileRef = 3D63F27826DC0F5C00BD10BD /* SearchForecastEndpoint.swift */; };
		3D63F28126DC190D00BD10BD /* InMemoryForecastStore.swift in Sources */ = {isa = PBXBuildFile; fileRef = 3D63F28026DC190D00BD10BD /* InMemoryForecastStore.swift */; };
		A774A9CCE37C3D5E0D14AF26 /* Pods_SearchForecast.framework in Frameworks */ = {isa = PBXBuildFile; fileRef = FAA34BC39CE8CB68400E8420 /* Pods_SearchForecast.framework */; };
		AD595E8C93050C203EECD734 /* Pods_SearchForecastTests.framework in Frameworks */ = {isa = PBXBuildFile; fileRef = 5EBC6BA077833F6DD6E03CEE /* Pods_SearchForecastTests.framework */; };
/* End PBXBuildFile section */

/* Begin PBXContainerItemProxy section */
		3D63F24326DB9A7700BD10BD /* PBXContainerItemProxy */ = {
			isa = PBXContainerItemProxy;
			containerPortal = 3D63F22F26DB9A7700BD10BD /* Project object */;
			proxyType = 1;
			remoteGlobalIDString = 3D63F23726DB9A7700BD10BD;
			remoteInfo = SearchForecast;
		};
/* End PBXContainerItemProxy section */

/* Begin PBXFileReference section */
		1003992AF99954F03F790521 /* Pods-SearchForecastTests.debug.xcconfig */ = {isa = PBXFileReference; includeInIndex = 1; lastKnownFileType = text.xcconfig; name = "Pods-SearchForecastTests.debug.xcconfig"; path = "Target Support Files/Pods-SearchForecastTests/Pods-SearchForecastTests.debug.xcconfig"; sourceTree = "<group>"; };
		3D63F23826DB9A7700BD10BD /* SearchForecast.framework */ = {isa = PBXFileReference; explicitFileType = wrapper.framework; includeInIndex = 0; path = SearchForecast.framework; sourceTree = BUILT_PRODUCTS_DIR; };
		3D63F23B26DB9A7700BD10BD /* SearchForecast.h */ = {isa = PBXFileReference; lastKnownFileType = sourcecode.c.h; path = SearchForecast.h; sourceTree = "<group>"; };
		3D63F23C26DB9A7700BD10BD /* Info.plist */ = {isa = PBXFileReference; lastKnownFileType = text.plist.xml; path = Info.plist; sourceTree = "<group>"; };
		3D63F24126DB9A7700BD10BD /* SearchForecastTests.xctest */ = {isa = PBXFileReference; explicitFileType = wrapper.cfbundle; includeInIndex = 0; path = SearchForecastTests.xctest; sourceTree = BUILT_PRODUCTS_DIR; };
		3D63F24826DB9A7700BD10BD /* Info.plist */ = {isa = PBXFileReference; lastKnownFileType = text.plist.xml; path = Info.plist; sourceTree = "<group>"; };
		3D63F25226DBB59B00BD10BD /* WeatherForecastItem.swift */ = {isa = PBXFileReference; lastKnownFileType = sourcecode.swift; path = WeatherForecastItem.swift; sourceTree = "<group>"; };
		3D63F25926DBB79100BD10BD /* RemoteSearchForecastRepositoryTests.swift */ = {isa = PBXFileReference; lastKnownFileType = sourcecode.swift; path = RemoteSearchForecastRepositoryTests.swift; sourceTree = "<group>"; };
		3D63F25B26DBD90A00BD10BD /* APIClient.swift */ = {isa = PBXFileReference; lastKnownFileType = sourcecode.swift; path = APIClient.swift; sourceTree = "<group>"; };
		3D63F25D26DBD93C00BD10BD /* RemoteSearchForecastRepository.swift */ = {isa = PBXFileReference; lastKnownFileType = sourcecode.swift; path = RemoteSearchForecastRepository.swift; sourceTree = "<group>"; };
		3D63F25F26DBD96900BD10BD /* WeatherForecastItemMapper.swift */ = {isa = PBXFileReference; lastKnownFileType = sourcecode.swift; path = WeatherForecastItemMapper.swift; sourceTree = "<group>"; };
		3D63F26126DBD97C00BD10BD /* RemoteWeatherForecastItem.swift */ = {isa = PBXFileReference; lastKnownFileType = sourcecode.swift; path = RemoteWeatherForecastItem.swift; sourceTree = "<group>"; };
		3D63F26726DBE65C00BD10BD /* SearchForecastRepository.swift */ = {isa = PBXFileReference; lastKnownFileType = sourcecode.swift; path = SearchForecastRepository.swift; sourceTree = "<group>"; };
		3D63F26A26DBEA8900BD10BD /* LocalSearchForecastRepositoryTests.swift */ = {isa = PBXFileReference; lastKnownFileType = sourcecode.swift; path = LocalSearchForecastRepositoryTests.swift; sourceTree = "<group>"; };
		3D63F26C26DBFAD600BD10BD /* WeatherForecastItem+Stub.swift */ = {isa = PBXFileReference; lastKnownFileType = sourcecode.swift; path = "WeatherForecastItem+Stub.swift"; sourceTree = "<group>"; };
		3D63F26E26DC04C600BD10BD /* Helper+Stubs.swift */ = {isa = PBXFileReference; lastKnownFileType = sourcecode.swift; path = "Helper+Stubs.swift"; sourceTree = "<group>"; };
		3D63F27226DC0E1800BD10BD /* LocalWeatherForecastItem.swift */ = {isa = PBXFileReference; lastKnownFileType = sourcecode.swift; path = LocalWeatherForecastItem.swift; sourceTree = "<group>"; };
		3D63F27426DC0E3600BD10BD /* ForecastStore.swift */ = {isa = PBXFileReference; lastKnownFileType = sourcecode.swift; path = ForecastStore.swift; sourceTree = "<group>"; };
		3D63F27626DC0E5900BD10BD /* LocalSearchForecastRepository.swift */ = {isa = PBXFileReference; lastKnownFileType = sourcecode.swift; path = LocalSearchForecastRepository.swift; sourceTree = "<group>"; };
		3D63F27826DC0F5C00BD10BD /* SearchForecastEndpoint.swift */ = {isa = PBXFileReference; lastKnownFileType = sourcecode.swift; path = SearchForecastEndpoint.swift; sourceTree = "<group>"; };
		3D63F28026DC190D00BD10BD /* InMemoryForecastStore.swift */ = {isa = PBXFileReference; lastKnownFileType = sourcecode.swift; path = InMemoryForecastStore.swift; sourceTree = "<group>"; };
		4E3EF3565B0B03EE2C7768B3 /* Pods-SearchForecast.debug.xcconfig */ = {isa = PBXFileReference; includeInIndex = 1; lastKnownFileType = text.xcconfig; name = "Pods-SearchForecast.debug.xcconfig"; path = "Target Support Files/Pods-SearchForecast/Pods-SearchForecast.debug.xcconfig"; sourceTree = "<group>"; };
		5EBC6BA077833F6DD6E03CEE /* Pods_SearchForecastTests.framework */ = {isa = PBXFileReference; explicitFileType = wrapper.framework; includeInIndex = 0; path = Pods_SearchForecastTests.framework; sourceTree = BUILT_PRODUCTS_DIR; };
		CBCA660989B34A7B1F04D271 /* Pods-SearchForecastTests.release.xcconfig */ = {isa = PBXFileReference; includeInIndex = 1; lastKnownFileType = text.xcconfig; name = "Pods-SearchForecastTests.release.xcconfig"; path = "Target Support Files/Pods-SearchForecastTests/Pods-SearchForecastTests.release.xcconfig"; sourceTree = "<group>"; };
		ED8FC4AABBEA830941EDE314 /* Pods-SearchForecast.release.xcconfig */ = {isa = PBXFileReference; includeInIndex = 1; lastKnownFileType = text.xcconfig; name = "Pods-SearchForecast.release.xcconfig"; path = "Target Support Files/Pods-SearchForecast/Pods-SearchForecast.release.xcconfig"; sourceTree = "<group>"; };
		FAA34BC39CE8CB68400E8420 /* Pods_SearchForecast.framework */ = {isa = PBXFileReference; explicitFileType = wrapper.framework; includeInIndex = 0; path = Pods_SearchForecast.framework; sourceTree = BUILT_PRODUCTS_DIR; };
/* End PBXFileReference section */

/* Begin PBXFrameworksBuildPhase section */
		3D63F23526DB9A7700BD10BD /* Frameworks */ = {
			isa = PBXFrameworksBuildPhase;
			buildActionMask = 2147483647;
			files = (
				A774A9CCE37C3D5E0D14AF26 /* Pods_SearchForecast.framework in Frameworks */,
			);
			runOnlyForDeploymentPostprocessing = 0;
		};
		3D63F23E26DB9A7700BD10BD /* Frameworks */ = {
			isa = PBXFrameworksBuildPhase;
			buildActionMask = 2147483647;
			files = (
				3D63F24226DB9A7700BD10BD /* SearchForecast.framework in Frameworks */,
				AD595E8C93050C203EECD734 /* Pods_SearchForecastTests.framework in Frameworks */,
			);
			runOnlyForDeploymentPostprocessing = 0;
		};
/* End PBXFrameworksBuildPhase section */

/* Begin PBXGroup section */
		019215866F94EF7C35091664 /* Frameworks */ = {
			isa = PBXGroup;
			children = (
				FAA34BC39CE8CB68400E8420 /* Pods_SearchForecast.framework */,
				5EBC6BA077833F6DD6E03CEE /* Pods_SearchForecastTests.framework */,
			);
			name = Frameworks;
			sourceTree = "<group>";
		};
		3D63F22E26DB9A7700BD10BD = {
			isa = PBXGroup;
			children = (
				3D63F23A26DB9A7700BD10BD /* SearchForecast */,
				3D63F24526DB9A7700BD10BD /* SearchForecastTests */,
				3D63F23926DB9A7700BD10BD /* Products */,
				FDCCDA6910D17185A00F96E6 /* Pods */,
				019215866F94EF7C35091664 /* Frameworks */,
			);
			sourceTree = "<group>";
		};
		3D63F23926DB9A7700BD10BD /* Products */ = {
			isa = PBXGroup;
			children = (
				3D63F23826DB9A7700BD10BD /* SearchForecast.framework */,
				3D63F24126DB9A7700BD10BD /* SearchForecastTests.xctest */,
			);
			name = Products;
			sourceTree = "<group>";
		};
		3D63F23A26DB9A7700BD10BD /* SearchForecast */ = {
			isa = PBXGroup;
			children = (
				3D63F23B26DB9A7700BD10BD /* SearchForecast.h */,
				3D63F23C26DB9A7700BD10BD /* Info.plist */,
				3D63F26326DBD9BE00BD10BD /* APIClient */,
				3D63F26426DBD9C400BD10BD /* SearchForecast */,
				3D63F26526DBD9D900BD10BD /* SearchForecastRemote */,
				3D63F26926DBE9A200BD10BD /* SearchForecastLocal */,
			);
			path = SearchForecast;
			sourceTree = "<group>";
		};
		3D63F24526DB9A7700BD10BD /* SearchForecastTests */ = {
			isa = PBXGroup;
			children = (
				3D63F27026DC0DCC00BD10BD /* Helpers */,
				3D63F27126DC0DE100BD10BD /* SearchForecast */,
				3D63F24826DB9A7700BD10BD /* Info.plist */,
			);
			path = SearchForecastTests;
			sourceTree = "<group>";
		};
		3D63F26326DBD9BE00BD10BD /* APIClient */ = {
			isa = PBXGroup;
			children = (
				3D63F25B26DBD90A00BD10BD /* APIClient.swift */,
				3D63F27826DC0F5C00BD10BD /* SearchForecastEndpoint.swift */,
			);
			path = APIClient;
			sourceTree = "<group>";
		};
		3D63F26426DBD9C400BD10BD /* SearchForecast */ = {
			isa = PBXGroup;
			children = (
				3D63F25226DBB59B00BD10BD /* WeatherForecastItem.swift */,
				3D63F26726DBE65C00BD10BD /* SearchForecastRepository.swift */,
			);
			path = SearchForecast;
			sourceTree = "<group>";
		};
		3D63F26526DBD9D900BD10BD /* SearchForecastRemote */ = {
			isa = PBXGroup;
			children = (
				3D63F25D26DBD93C00BD10BD /* RemoteSearchForecastRepository.swift */,
				3D63F26126DBD97C00BD10BD /* RemoteWeatherForecastItem.swift */,
				3D63F25F26DBD96900BD10BD /* WeatherForecastItemMapper.swift */,
			);
			path = SearchForecastRemote;
			sourceTree = "<group>";
		};
		3D63F26926DBE9A200BD10BD /* SearchForecastLocal */ = {
			isa = PBXGroup;
			children = (
				3D63F27426DC0E3600BD10BD /* ForecastStore.swift */,
				3D63F28026DC190D00BD10BD /* InMemoryForecastStore.swift */,
				3D63F27226DC0E1800BD10BD /* LocalWeatherForecastItem.swift */,
				3D63F27626DC0E5900BD10BD /* LocalSearchForecastRepository.swift */,
			);
			path = SearchForecastLocal;
			sourceTree = "<group>";
		};
		3D63F27026DC0DCC00BD10BD /* Helpers */ = {
			isa = PBXGroup;
			children = (
				3D63F26C26DBFAD600BD10BD /* WeatherForecastItem+Stub.swift */,
				3D63F26E26DC04C600BD10BD /* Helper+Stubs.swift */,
			);
			path = Helpers;
			sourceTree = "<group>";
		};
		3D63F27126DC0DE100BD10BD /* SearchForecast */ = {
			isa = PBXGroup;
			children = (
				3D63F26A26DBEA8900BD10BD /* LocalSearchForecastRepositoryTests.swift */,
				3D63F25926DBB79100BD10BD /* RemoteSearchForecastRepositoryTests.swift */,
			);
			path = SearchForecast;
			sourceTree = "<group>";
		};
		FDCCDA6910D17185A00F96E6 /* Pods */ = {
			isa = PBXGroup;
			children = (
				4E3EF3565B0B03EE2C7768B3 /* Pods-SearchForecast.debug.xcconfig */,
				ED8FC4AABBEA830941EDE314 /* Pods-SearchForecast.release.xcconfig */,
				1003992AF99954F03F790521 /* Pods-SearchForecastTests.debug.xcconfig */,
				CBCA660989B34A7B1F04D271 /* Pods-SearchForecastTests.release.xcconfig */,
			);
			name = Pods;
			path = ../../Pods;
			sourceTree = "<group>";
		};
/* End PBXGroup section */

/* Begin PBXHeadersBuildPhase section */
		3D63F23326DB9A7700BD10BD /* Headers */ = {
			isa = PBXHeadersBuildPhase;
			buildActionMask = 2147483647;
			files = (
				3D63F24926DB9A7700BD10BD /* SearchForecast.h in Headers */,
			);
			runOnlyForDeploymentPostprocessing = 0;
		};
/* End PBXHeadersBuildPhase section */

/* Begin PBXNativeTarget section */
		3D63F23726DB9A7700BD10BD /* SearchForecast */ = {
			isa = PBXNativeTarget;
			buildConfigurationList = 3D63F24C26DB9A7700BD10BD /* Build configuration list for PBXNativeTarget "SearchForecast" */;
			buildPhases = (
				60D77DA44C299CB07CFB4186 /* [CP] Check Pods Manifest.lock */,
				3D63F23326DB9A7700BD10BD /* Headers */,
				3D63F23426DB9A7700BD10BD /* Sources */,
				3D63F23526DB9A7700BD10BD /* Frameworks */,
				3D63F23626DB9A7700BD10BD /* Resources */,
			);
			buildRules = (
			);
			dependencies = (
			);
			name = SearchForecast;
			productName = SearchForecast;
			productReference = 3D63F23826DB9A7700BD10BD /* SearchForecast.framework */;
			productType = "com.apple.product-type.framework";
		};
		3D63F24026DB9A7700BD10BD /* SearchForecastTests */ = {
			isa = PBXNativeTarget;
			buildConfigurationList = 3D63F24F26DB9A7700BD10BD /* Build configuration list for PBXNativeTarget "SearchForecastTests" */;
			buildPhases = (
				5429171C178D5365F086A28E /* [CP] Check Pods Manifest.lock */,
				3D63F23D26DB9A7700BD10BD /* Sources */,
				3D63F23E26DB9A7700BD10BD /* Frameworks */,
				3D63F23F26DB9A7700BD10BD /* Resources */,
			);
			buildRules = (
			);
			dependencies = (
				3D63F24426DB9A7700BD10BD /* PBXTargetDependency */,
			);
			name = SearchForecastTests;
			productName = SearchForecastTests;
			productReference = 3D63F24126DB9A7700BD10BD /* SearchForecastTests.xctest */;
			productType = "com.apple.product-type.bundle.unit-test";
		};
/* End PBXNativeTarget section */

/* Begin PBXProject section */
		3D63F22F26DB9A7700BD10BD /* Project object */ = {
			isa = PBXProject;
			attributes = {
				LastSwiftUpdateCheck = 1250;
				LastUpgradeCheck = 1250;
				TargetAttributes = {
					3D63F23726DB9A7700BD10BD = {
						CreatedOnToolsVersion = 12.5.1;
						LastSwiftMigration = 1250;
					};
					3D63F24026DB9A7700BD10BD = {
						CreatedOnToolsVersion = 12.5.1;
					};
				};
			};
			buildConfigurationList = 3D63F23226DB9A7700BD10BD /* Build configuration list for PBXProject "SearchForecast" */;
			compatibilityVersion = "Xcode 9.3";
			developmentRegion = en;
			hasScannedForEncodings = 0;
			knownRegions = (
				en,
				Base,
			);
			mainGroup = 3D63F22E26DB9A7700BD10BD;
			productRefGroup = 3D63F23926DB9A7700BD10BD /* Products */;
			projectDirPath = "";
			projectRoot = "";
			targets = (
				3D63F23726DB9A7700BD10BD /* SearchForecast */,
				3D63F24026DB9A7700BD10BD /* SearchForecastTests */,
			);
		};
/* End PBXProject section */

/* Begin PBXResourcesBuildPhase section */
		3D63F23626DB9A7700BD10BD /* Resources */ = {
			isa = PBXResourcesBuildPhase;
			buildActionMask = 2147483647;
			files = (
			);
			runOnlyForDeploymentPostprocessing = 0;
		};
		3D63F23F26DB9A7700BD10BD /* Resources */ = {
			isa = PBXResourcesBuildPhase;
			buildActionMask = 2147483647;
			files = (
			);
			runOnlyForDeploymentPostprocessing = 0;
		};
/* End PBXResourcesBuildPhase section */

/* Begin PBXShellScriptBuildPhase section */
		5429171C178D5365F086A28E /* [CP] Check Pods Manifest.lock */ = {
			isa = PBXShellScriptBuildPhase;
			buildActionMask = 2147483647;
			files = (
			);
			inputFileListPaths = (
			);
			inputPaths = (
				"${PODS_PODFILE_DIR_PATH}/Podfile.lock",
				"${PODS_ROOT}/Manifest.lock",
			);
			name = "[CP] Check Pods Manifest.lock";
			outputFileListPaths = (
			);
			outputPaths = (
				"$(DERIVED_FILE_DIR)/Pods-SearchForecastTests-checkManifestLockResult.txt",
			);
			runOnlyForDeploymentPostprocessing = 0;
			shellPath = /bin/sh;
			shellScript = "diff \"${PODS_PODFILE_DIR_PATH}/Podfile.lock\" \"${PODS_ROOT}/Manifest.lock\" > /dev/null\nif [ $? != 0 ] ; then\n    # print error to STDERR\n    echo \"error: The sandbox is not in sync with the Podfile.lock. Run 'pod install' or update your CocoaPods installation.\" >&2\n    exit 1\nfi\n# This output is used by Xcode 'outputs' to avoid re-running this script phase.\necho \"SUCCESS\" > \"${SCRIPT_OUTPUT_FILE_0}\"\n";
			showEnvVarsInLog = 0;
		};
		60D77DA44C299CB07CFB4186 /* [CP] Check Pods Manifest.lock */ = {
			isa = PBXShellScriptBuildPhase;
			buildActionMask = 2147483647;
			files = (
			);
			inputFileListPaths = (
			);
			inputPaths = (
				"${PODS_PODFILE_DIR_PATH}/Podfile.lock",
				"${PODS_ROOT}/Manifest.lock",
			);
			name = "[CP] Check Pods Manifest.lock";
			outputFileListPaths = (
			);
			outputPaths = (
				"$(DERIVED_FILE_DIR)/Pods-SearchForecast-checkManifestLockResult.txt",
			);
			runOnlyForDeploymentPostprocessing = 0;
			shellPath = /bin/sh;
			shellScript = "diff \"${PODS_PODFILE_DIR_PATH}/Podfile.lock\" \"${PODS_ROOT}/Manifest.lock\" > /dev/null\nif [ $? != 0 ] ; then\n    # print error to STDERR\n    echo \"error: The sandbox is not in sync with the Podfile.lock. Run 'pod install' or update your CocoaPods installation.\" >&2\n    exit 1\nfi\n# This output is used by Xcode 'outputs' to avoid re-running this script phase.\necho \"SUCCESS\" > \"${SCRIPT_OUTPUT_FILE_0}\"\n";
			showEnvVarsInLog = 0;
		};
/* End PBXShellScriptBuildPhase section */

/* Begin PBXSourcesBuildPhase section */
		3D63F23426DB9A7700BD10BD /* Sources */ = {
			isa = PBXSourcesBuildPhase;
			buildActionMask = 2147483647;
			files = (
				3D63F26826DBE65C00BD10BD /* SearchForecastRepository.swift in Sources */,
				3D63F27326DC0E1800BD10BD /* LocalWeatherForecastItem.swift in Sources */,
				3D63F27526DC0E3600BD10BD /* ForecastStore.swift in Sources */,
				3D63F27926DC0F5C00BD10BD /* SearchForecastEndpoint.swift in Sources */,
				3D63F27726DC0E5900BD10BD /* LocalSearchForecastRepository.swift in Sources */,
				3D63F25E26DBD93C00BD10BD /* RemoteSearchForecastRepository.swift in Sources */,
				3D63F26026DBD96900BD10BD /* WeatherForecastItemMapper.swift in Sources */,
				3D63F28126DC190D00BD10BD /* InMemoryForecastStore.swift in Sources */,
				3D63F25326DBB59B00BD10BD /* WeatherForecastItem.swift in Sources */,
				3D63F25C26DBD90A00BD10BD /* APIClient.swift in Sources */,
				3D63F26226DBD97C00BD10BD /* RemoteWeatherForecastItem.swift in Sources */,
			);
			runOnlyForDeploymentPostprocessing = 0;
		};
		3D63F23D26DB9A7700BD10BD /* Sources */ = {
			isa = PBXSourcesBuildPhase;
			buildActionMask = 2147483647;
			files = (
				3D63F26D26DBFAD600BD10BD /* WeatherForecastItem+Stub.swift in Sources */,
				3D63F26F26DC04C600BD10BD /* Helper+Stubs.swift in Sources */,
				3D63F26B26DBEA8900BD10BD /* LocalSearchForecastRepositoryTests.swift in Sources */,
				3D63F25A26DBB79100BD10BD /* RemoteSearchForecastRepositoryTests.swift in Sources */,
			);
			runOnlyForDeploymentPostprocessing = 0;
		};
/* End PBXSourcesBuildPhase section */

/* Begin PBXTargetDependency section */
		3D63F24426DB9A7700BD10BD /* PBXTargetDependency */ = {
			isa = PBXTargetDependency;
			target = 3D63F23726DB9A7700BD10BD /* SearchForecast */;
			targetProxy = 3D63F24326DB9A7700BD10BD /* PBXContainerItemProxy */;
		};
/* End PBXTargetDependency section */

/* Begin XCBuildConfiguration section */
		3D63F24A26DB9A7700BD10BD /* Debug */ = {
			isa = XCBuildConfiguration;
			buildSettings = {
				ALWAYS_SEARCH_USER_PATHS = NO;
				CLANG_ANALYZER_NONNULL = YES;
				CLANG_ANALYZER_NUMBER_OBJECT_CONVERSION = YES_AGGRESSIVE;
				CLANG_CXX_LANGUAGE_STANDARD = "gnu++14";
				CLANG_CXX_LIBRARY = "libc++";
				CLANG_ENABLE_MODULES = YES;
				CLANG_ENABLE_OBJC_ARC = YES;
				CLANG_ENABLE_OBJC_WEAK = YES;
				CLANG_WARN_BLOCK_CAPTURE_AUTORELEASING = YES;
				CLANG_WARN_BOOL_CONVERSION = YES;
				CLANG_WARN_COMMA = YES;
				CLANG_WARN_CONSTANT_CONVERSION = YES;
				CLANG_WARN_DEPRECATED_OBJC_IMPLEMENTATIONS = YES;
				CLANG_WARN_DIRECT_OBJC_ISA_USAGE = YES_ERROR;
				CLANG_WARN_DOCUMENTATION_COMMENTS = YES;
				CLANG_WARN_EMPTY_BODY = YES;
				CLANG_WARN_ENUM_CONVERSION = YES;
				CLANG_WARN_INFINITE_RECURSION = YES;
				CLANG_WARN_INT_CONVERSION = YES;
				CLANG_WARN_NON_LITERAL_NULL_CONVERSION = YES;
				CLANG_WARN_OBJC_IMPLICIT_RETAIN_SELF = YES;
				CLANG_WARN_OBJC_LITERAL_CONVERSION = YES;
				CLANG_WARN_OBJC_ROOT_CLASS = YES_ERROR;
				CLANG_WARN_QUOTED_INCLUDE_IN_FRAMEWORK_HEADER = YES;
				CLANG_WARN_RANGE_LOOP_ANALYSIS = YES;
				CLANG_WARN_STRICT_PROTOTYPES = YES;
				CLANG_WARN_SUSPICIOUS_MOVE = YES;
				CLANG_WARN_UNGUARDED_AVAILABILITY = YES_AGGRESSIVE;
				CLANG_WARN_UNREACHABLE_CODE = YES;
				CLANG_WARN__DUPLICATE_METHOD_MATCH = YES;
				COPY_PHASE_STRIP = NO;
				CURRENT_PROJECT_VERSION = 1;
				DEBUG_INFORMATION_FORMAT = dwarf;
				ENABLE_STRICT_OBJC_MSGSEND = YES;
				ENABLE_TESTABILITY = YES;
				GCC_C_LANGUAGE_STANDARD = gnu11;
				GCC_DYNAMIC_NO_PIC = NO;
				GCC_NO_COMMON_BLOCKS = YES;
				GCC_OPTIMIZATION_LEVEL = 0;
				GCC_PREPROCESSOR_DEFINITIONS = (
					"DEBUG=1",
					"$(inherited)",
				);
				GCC_WARN_64_TO_32_BIT_CONVERSION = YES;
				GCC_WARN_ABOUT_RETURN_TYPE = YES_ERROR;
				GCC_WARN_UNDECLARED_SELECTOR = YES;
				GCC_WARN_UNINITIALIZED_AUTOS = YES_AGGRESSIVE;
				GCC_WARN_UNUSED_FUNCTION = YES;
				GCC_WARN_UNUSED_VARIABLE = YES;
				IPHONEOS_DEPLOYMENT_TARGET = 14.5;
				MTL_ENABLE_DEBUG_INFO = INCLUDE_SOURCE;
				MTL_FAST_MATH = YES;
				ONLY_ACTIVE_ARCH = YES;
				SDKROOT = iphoneos;
				SWIFT_ACTIVE_COMPILATION_CONDITIONS = DEBUG;
				SWIFT_OPTIMIZATION_LEVEL = "-Onone";
				VERSIONING_SYSTEM = "apple-generic";
				VERSION_INFO_PREFIX = "";
			};
			name = Debug;
		};
		3D63F24B26DB9A7700BD10BD /* Release */ = {
			isa = XCBuildConfiguration;
			buildSettings = {
				ALWAYS_SEARCH_USER_PATHS = NO;
				CLANG_ANALYZER_NONNULL = YES;
				CLANG_ANALYZER_NUMBER_OBJECT_CONVERSION = YES_AGGRESSIVE;
				CLANG_CXX_LANGUAGE_STANDARD = "gnu++14";
				CLANG_CXX_LIBRARY = "libc++";
				CLANG_ENABLE_MODULES = YES;
				CLANG_ENABLE_OBJC_ARC = YES;
				CLANG_ENABLE_OBJC_WEAK = YES;
				CLANG_WARN_BLOCK_CAPTURE_AUTORELEASING = YES;
				CLANG_WARN_BOOL_CONVERSION = YES;
				CLANG_WARN_COMMA = YES;
				CLANG_WARN_CONSTANT_CONVERSION = YES;
				CLANG_WARN_DEPRECATED_OBJC_IMPLEMENTATIONS = YES;
				CLANG_WARN_DIRECT_OBJC_ISA_USAGE = YES_ERROR;
				CLANG_WARN_DOCUMENTATION_COMMENTS = YES;
				CLANG_WARN_EMPTY_BODY = YES;
				CLANG_WARN_ENUM_CONVERSION = YES;
				CLANG_WARN_INFINITE_RECURSION = YES;
				CLANG_WARN_INT_CONVERSION = YES;
				CLANG_WARN_NON_LITERAL_NULL_CONVERSION = YES;
				CLANG_WARN_OBJC_IMPLICIT_RETAIN_SELF = YES;
				CLANG_WARN_OBJC_LITERAL_CONVERSION = YES;
				CLANG_WARN_OBJC_ROOT_CLASS = YES_ERROR;
				CLANG_WARN_QUOTED_INCLUDE_IN_FRAMEWORK_HEADER = YES;
				CLANG_WARN_RANGE_LOOP_ANALYSIS = YES;
				CLANG_WARN_STRICT_PROTOTYPES = YES;
				CLANG_WARN_SUSPICIOUS_MOVE = YES;
				CLANG_WARN_UNGUARDED_AVAILABILITY = YES_AGGRESSIVE;
				CLANG_WARN_UNREACHABLE_CODE = YES;
				CLANG_WARN__DUPLICATE_METHOD_MATCH = YES;
				COPY_PHASE_STRIP = NO;
				CURRENT_PROJECT_VERSION = 1;
				DEBUG_INFORMATION_FORMAT = "dwarf-with-dsym";
				ENABLE_NS_ASSERTIONS = NO;
				ENABLE_STRICT_OBJC_MSGSEND = YES;
				GCC_C_LANGUAGE_STANDARD = gnu11;
				GCC_NO_COMMON_BLOCKS = YES;
				GCC_WARN_64_TO_32_BIT_CONVERSION = YES;
				GCC_WARN_ABOUT_RETURN_TYPE = YES_ERROR;
				GCC_WARN_UNDECLARED_SELECTOR = YES;
				GCC_WARN_UNINITIALIZED_AUTOS = YES_AGGRESSIVE;
				GCC_WARN_UNUSED_FUNCTION = YES;
				GCC_WARN_UNUSED_VARIABLE = YES;
				IPHONEOS_DEPLOYMENT_TARGET = 14.5;
				MTL_ENABLE_DEBUG_INFO = NO;
				MTL_FAST_MATH = YES;
				SDKROOT = iphoneos;
				SWIFT_COMPILATION_MODE = wholemodule;
				SWIFT_OPTIMIZATION_LEVEL = "-O";
				VALIDATE_PRODUCT = YES;
				VERSIONING_SYSTEM = "apple-generic";
				VERSION_INFO_PREFIX = "";
			};
			name = Release;
		};
		3D63F24D26DB9A7700BD10BD /* Debug */ = {
			isa = XCBuildConfiguration;
			baseConfigurationReference = 4E3EF3565B0B03EE2C7768B3 /* Pods-SearchForecast.debug.xcconfig */;
			buildSettings = {
				CLANG_ENABLE_MODULES = YES;
				CODE_SIGN_STYLE = Automatic;
				DEFINES_MODULE = YES;
				DEVELOPMENT_TEAM = 2KDG58HF72;
				DYLIB_COMPATIBILITY_VERSION = 1;
				DYLIB_CURRENT_VERSION = 1;
				DYLIB_INSTALL_NAME_BASE = "@rpath";
				INFOPLIST_FILE = SearchForecast/Info.plist;
				INSTALL_PATH = "$(LOCAL_LIBRARY_DIR)/Frameworks";
				LD_RUNPATH_SEARCH_PATHS = (
					"$(inherited)",
					"@executable_path/Frameworks",
					"@loader_path/Frameworks",
				);
				PRODUCT_BUNDLE_IDENTIFIER = ios.chotot..SearchForecast;
				PRODUCT_NAME = "$(TARGET_NAME:c99extidentifier)";
				SKIP_INSTALL = YES;
				SWIFT_OPTIMIZATION_LEVEL = "-Onone";
				SWIFT_VERSION = 5.0;
				TARGETED_DEVICE_FAMILY = "1,2";
			};
			name = Debug;
		};
		3D63F24E26DB9A7700BD10BD /* Release */ = {
			isa = XCBuildConfiguration;
			baseConfigurationReference = ED8FC4AABBEA830941EDE314 /* Pods-SearchForecast.release.xcconfig */;
			buildSettings = {
				CLANG_ENABLE_MODULES = YES;
				CODE_SIGN_STYLE = Automatic;
				DEFINES_MODULE = YES;
				DEVELOPMENT_TEAM = 2KDG58HF72;
				DYLIB_COMPATIBILITY_VERSION = 1;
				DYLIB_CURRENT_VERSION = 1;
				DYLIB_INSTALL_NAME_BASE = "@rpath";
				INFOPLIST_FILE = SearchForecast/Info.plist;
				INSTALL_PATH = "$(LOCAL_LIBRARY_DIR)/Frameworks";
				LD_RUNPATH_SEARCH_PATHS = (
					"$(inherited)",
					"@executable_path/Frameworks",
					"@loader_path/Frameworks",
				);
				PRODUCT_BUNDLE_IDENTIFIER = ios.chotot..SearchForecast;
				PRODUCT_NAME = "$(TARGET_NAME:c99extidentifier)";
				SKIP_INSTALL = YES;
				SWIFT_VERSION = 5.0;
				TARGETED_DEVICE_FAMILY = "1,2";
			};
			name = Release;
		};
		3D63F25026DB9A7700BD10BD /* Debug */ = {
			isa = XCBuildConfiguration;
			baseConfigurationReference = 1003992AF99954F03F790521 /* Pods-SearchForecastTests.debug.xcconfig */;
			buildSettings = {
				ALWAYS_EMBED_SWIFT_STANDARD_LIBRARIES = YES;
				CODE_SIGN_STYLE = Automatic;
				DEVELOPMENT_TEAM = 2KDG58HF72;
				INFOPLIST_FILE = SearchForecastTests/Info.plist;
				LD_RUNPATH_SEARCH_PATHS = (
					"$(inherited)",
					"@executable_path/Frameworks",
					"@loader_path/Frameworks",
				);
				PRODUCT_BUNDLE_IDENTIFIER = ios.chotot..SearchForecastTests;
				PRODUCT_NAME = "$(TARGET_NAME)";
				SWIFT_VERSION = 5.0;
				TARGETED_DEVICE_FAMILY = "1,2";
			};
			name = Debug;
		};
		3D63F25126DB9A7700BD10BD /* Release */ = {
			isa = XCBuildConfiguration;
			baseConfigurationReference = CBCA660989B34A7B1F04D271 /* Pods-SearchForecastTests.release.xcconfig */;
			buildSettings = {
				ALWAYS_EMBED_SWIFT_STANDARD_LIBRARIES = YES;
				CODE_SIGN_STYLE = Automatic;
				DEVELOPMENT_TEAM = 2KDG58HF72;
				INFOPLIST_FILE = SearchForecastTests/Info.plist;
				LD_RUNPATH_SEARCH_PATHS = (
					"$(inherited)",
					"@executable_path/Frameworks",
					"@loader_path/Frameworks",
				);
				PRODUCT_BUNDLE_IDENTIFIER = ios.chotot..SearchForecastTests;
				PRODUCT_NAME = "$(TARGET_NAME)";
				SWIFT_VERSION = 5.0;
				TARGETED_DEVICE_FAMILY = "1,2";
			};
			name = Release;
		};
/* End XCBuildConfiguration section */

/* Begin XCConfigurationList section */
		3D63F23226DB9A7700BD10BD /* Build configuration list for PBXProject "SearchForecast" */ = {
			isa = XCConfigurationList;
			buildConfigurations = (
				3D63F24A26DB9A7700BD10BD /* Debug */,
				3D63F24B26DB9A7700BD10BD /* Release */,
			);
			defaultConfigurationIsVisible = 0;
			defaultConfigurationName = Release;
		};
		3D63F24C26DB9A7700BD10BD /* Build configuration list for PBXNativeTarget "SearchForecast" */ = {
			isa = XCConfigurationList;
			buildConfigurations = (
				3D63F24D26DB9A7700BD10BD /* Debug */,
				3D63F24E26DB9A7700BD10BD /* Release */,
			);
			defaultConfigurationIsVisible = 0;
			defaultConfigurationName = Release;
		};
		3D63F24F26DB9A7700BD10BD /* Build configuration list for PBXNativeTarget "SearchForecastTests" */ = {
			isa = XCConfigurationList;
			buildConfigurations = (
				3D63F25026DB9A7700BD10BD /* Debug */,
				3D63F25126DB9A7700BD10BD /* Release */,
			);
			defaultConfigurationIsVisible = 0;
			defaultConfigurationName = Release;
		};
/* End XCConfigurationList section */
	};
	rootObject = 3D63F22F26DB9A7700BD10BD /* Project object */;
}
